github.com/cdvelop/maps v0.0.1 h1:+CPL+sGiL1nXS8P37Q0HhI8xiM07GoDPL9fTK5Dxxu4=
github.com/cdvelop/maps v0.0.1/go.mod h1:Bh/wXUGMTIZ19L2jnSlzvs0XhVYPpUUIvyrGISaDy/s=
github.com/cdvelop/timeserver v0.0.5 h1:J7l0lepGX7KNWzy2M0pKdEAAUYijULhqteh9PR14TVA=
github.com/cdvelop/timeserver v0.0.5/go.mod h1:9USl2nrkenXuih4XKiZqOf25ObT3MMgtqhGgMKjHVLI=
github.com/cdvelop/timetools v0.0.16 h1:YTMm2I2EAzsoEY2e0NwJbx2x/rBjMXISx1IYXGelKQg=
github.com/cdvelop/timetools v0.0.16/go.mod h1:rEDnjpEKbR50aOTm1YQK2ZzB4nlhwTiLpWJu1+Ey7Eo=
